
Microsoft Visual Studio Solution File, Format Version 12.00
# Visual Studio Version 17
VisualStudioVersion = 17.11.35312.102
MinimumVisualStudioVersion = 10.0.40219.1
Project("{FAE04EC0-301F-11D3-BF4B-00C04F79EFBC}") = "RemembMe", "RemembMe\RemembMe.csproj", "{49EAA163-D7DC-456A-90E1-837239542433}"
EndProject
Global
	GlobalSection(SolutionConfigurationPlatforms) = preSolution
		Debug|Any CPU = Debug|Any CPU
		Release|Any CPU = Release|Any CPU
	EndGlobalSection
	GlobalSection(ProjectConfigurationPlatforms) = postSolution
		{49EAA163-D7DC-456A-90E1-837239542433}.Debug|Any CPU.ActiveCfg = Debug|Any CPU
		{49EAA163-D7DC-456A-90E1-837239542433}.Debug|Any CPU.Build.0 = Debug|Any CPU
		{49EAA163-D7DC-456A-90E1-837239542433}.Release|Any CPU.ActiveCfg = Release|Any CPU
		{49EAA163-D7DC-456A-90E1-837239542433}.Release|Any CPU.Build.0 = Release|Any CPU
	EndGlobalSection
	GlobalSection(SolutionProperties) = preSolution
		HideSolutionNode = FALSE
	EndGlobalSection
	GlobalSection(ExtensibilityGlobals) = postSolution
		SolutionGuid = {860C991B-7FB5-44AF-B8FD-4E73BFBACE10}
	EndGlobalSection
EndGlobal
